Microsoft Visual Studio Solution File, Format Version 8.00
Project("{FAE04EC0-301F-11D3-BF4B-00C04F79EFBC}") = "ParticleEditor", "ParticleEditor.csproj", "{78707D03-550A-4233-A6BC-22FBD46926A5}"
	ProjectSection(ProjectDependencies) = postProject
	EndProjectSection
EndProject
Global
	GlobalSection(SolutionConfiguration) = preSolution
		Debug = Debug
		Release = Release
	EndGlobalSection
	GlobalSection(ProjectConfiguration) = postSolution
		{78707D03-550A-4233-A6BC-22FBD46926A5}.Debug.ActiveCfg = Debug|.NET
		{78707D03-550A-4233-A6BC-22FBD46926A5}.Debug.Build.0 = Debug|.NET
		{78707D03-550A-4233-A6BC-22FBD46926A5}.Release.ActiveCfg = Release|.NET
		{78707D03-550A-4233-A6BC-22FBD46926A5}.Release.Build.0 = Release|.NET
	EndGlobalSection
	GlobalSection(ExtensibilityGlobals) = postSolution
	EndGlobalSection
	GlobalSection(ExtensibilityAddIns) = postSolution
	EndGlobalSection
EndGlobal
